
Microsoft Visual Studio Solution File, Format Version 12.00
# Visual Studio Version 17
VisualStudioVersion = 17.13.35806.99 d17.13
MinimumVisualStudioVersion = 10.0.40219.1
Project("{FAE04EC0-301F-11D3-BF4B-00C04F79EFBC}") = "WinFormsAppStrade2", "WinFormsAppStrade2\WinFormsAppStrade2.csproj", "{95BBB114-282D-4BB5-8EBF-5EB27EA9B025}"
EndProject
Project("{FAE04EC0-301F-11D3-BF4B-00C04F79EFBC}") = "ClassLibraryStrade", "ClassLibraryStrade\ClassLibraryStrade.csproj", "{38A22818-82D1-4D4C-B668-D1A0CE0251B1}"
EndProject
Global
	GlobalSection(SolutionConfigurationPlatforms) = preSolution
		Debug|Any CPU = Debug|Any CPU
		Release|Any CPU = Release|Any CPU
	EndGlobalSection
	GlobalSection(ProjectConfigurationPlatforms) = postSolution
		{95BBB114-282D-4BB5-8EBF-5EB27EA9B025}.Debug|Any CPU.ActiveCfg = Debug|Any CPU
		{95BBB114-282D-4BB5-8EBF-5EB27EA9B025}.Debug|Any CPU.Build.0 = Debug|Any CPU
		{95BBB114-282D-4BB5-8EBF-5EB27EA9B025}.Release|Any CPU.ActiveCfg = Release|Any CPU
		{95BBB114-282D-4BB5-8EBF-5EB27EA9B025}.Release|Any CPU.Build.0 = Release|Any CPU
		{38A22818-82D1-4D4C-B668-D1A0CE0251B1}.Debug|Any CPU.ActiveCfg = Debug|Any CPU
		{38A22818-82D1-4D4C-B668-D1A0CE0251B1}.Debug|Any CPU.Build.0 = Debug|Any CPU
		{38A22818-82D1-4D4C-B668-D1A0CE0251B1}.Release|Any CPU.ActiveCfg = Release|Any CPU
		{38A22818-82D1-4D4C-B668-D1A0CE0251B1}.Release|Any CPU.Build.0 = Release|Any CPU
	EndGlobalSection
	GlobalSection(SolutionProperties) = preSolution
		HideSolutionNode = FALSE
	EndGlobalSection
	GlobalSection(ExtensibilityGlobals) = postSolution
		SolutionGuid = {C8B3EC3C-5DB3-48A4-B4F0-81265775178B}
	EndGlobalSection
EndGlobal
